// !$*UTF8*$!
{
	archiveVersion = 1;
	classes = {
	};
	objectVersion = 55;
	objects = {

/* Begin PBXBuildFile section */
		177943AF279B4E4C00FFF1C7 /* The_Apocalypse_GameApp.swift in Sources */ = {isa = PBXBuildFile; fileRef = 177943AE279B4E4C00FFF1C7 /* The_Apocalypse_GameApp.swift */; };
		177943B1279B4E4C00FFF1C7 /* ContentView.swift in Sources */ = {isa = PBXBuildFile; fileRef = 177943B0279B4E4C00FFF1C7 /* ContentView.swift */; };
		177943B3279B4E4E00FFF1C7 /* Assets.xcassets in Resources */ = {isa = PBXBuildFile; fileRef = 177943B2279B4E4E00FFF1C7 /* Assets.xcassets */; };
		177943B6279B4E4E00FFF1C7 /* Preview Assets.xcassets in Resources */ = {isa = PBXBuildFile; fileRef = 177943B5279B4E4E00FFF1C7 /* Preview Assets.xcassets */; };
		177943C0279B4E4E00FFF1C7 /* The_Apocalypse_GameTests.swift in Sources */ = {isa = PBXBuildFile; fileRef = 177943BF279B4E4E00FFF1C7 /* The_Apocalypse_GameTests.swift */; };
		177943CA279B4E4E00FFF1C7 /* The_Apocalypse_GameUITests.swift in Sources */ = {isa = PBXBuildFile; fileRef = 177943C9279B4E4E00FFF1C7 /* The_Apocalypse_GameUITests.swift */; };
		177943CC279B4E4E00FFF1C7 /* The_Apocalypse_GameUITestsLaunchTests.swift in Sources */ = {isa = PBXBuildFile; fileRef = 177943CB279B4E4E00FFF1C7 /* The_Apocalypse_GameUITestsLaunchTests.swift */; };
/* End PBXBuildFile section */

/* Begin PBXContainerItemProxy section */
		177943BC279B4E4E00FFF1C7 /* PBXContainerItemProxy */ = {
			isa = PBXContainerItemProxy;
			containerPortal = 177943A3279B4E4C00FFF1C7 /* Project object */;
			proxyType = 1;
			remoteGlobalIDString = 177943AA279B4E4C00FFF1C7;
			remoteInfo = "The Apocalypse Game";
		};
		177943C6279B4E4E00FFF1C7 /* PBXContainerItemProxy */ = {
			isa = PBXContainerItemProxy;
			containerPortal = 177943A3279B4E4C00FFF1C7 /* Project object */;
			proxyType = 1;
			remoteGlobalIDString = 177943AA279B4E4C00FFF1C7;
			remoteInfo = "The Apocalypse Game";
		};
/* End PBXContainerItemProxy section */

/* Begin PBXFileReference section */
		177943AB279B4E4C00FFF1C7 /* The Apocalypse Game.app */ = {isa = PBXFileReference; explicitFileType = wrapper.application; includeInIndex = 0; path = "The Apocalypse Game.app"; sourceTree = BUILT_PRODUCTS_DIR; };
		177943AE279B4E4C00FFF1C7 /* The_Apocalypse_GameApp.swift */ = {isa = PBXFileReference; lastKnownFileType = sourcecode.swift; path = The_Apocalypse_GameApp.swift; sourceTree = "<group>"; };
		177943B0279B4E4C00FFF1C7 /* ContentView.swift */ = {isa = PBXFileReference; lastKnownFileType = sourcecode.swift; path = ContentView.swift; sourceTree = "<group>"; };
		177943B2279B4E4E00FFF1C7 /* Assets.xcassets */ = {isa = PBXFileReference; lastKnownFileType = folder.assetcatalog; path = Assets.xcassets; sourceTree = "<group>"; };
		177943B5279B4E4E00FFF1C7 /* Preview Assets.xcassets */ = {isa = PBXFileReference; lastKnownFileType = folder.assetcatalog; path = "Preview Assets.xcassets"; sourceTree = "<group>"; };
		177943BB279B4E4E00FFF1C7 /* The Apocalypse GameTests.xctest */ = {isa = PBXFileReference; explicitFileType = wrapper.cfbundle; includeInIndex = 0; path = "The Apocalypse GameTests.xctest"; sourceTree = BUILT_PRODUCTS_DIR; };
		177943BF279B4E4E00FFF1C7 /* The_Apocalypse_GameTests.swift */ = {isa = PBXFileReference; lastKnownFileType = sourcecode.swift; path = The_Apocalypse_GameTests.swift; sourceTree = "<group>"; };
		177943C5279B4E4E00FFF1C7 /* The Apocalypse GameUITests.xctest */ = {isa = PBXFileReference; explicitFileType = wrapper.cfbundle; includeInIndex = 0; path = "The Apocalypse GameUITests.xctest"; sourceTree = BUILT_PRODUCTS_DIR; };
		177943C9279B4E4E00FFF1C7 /* The_Apocalypse_GameUITests.swift */ = {isa = PBXFileReference; lastKnownFileType = sourcecode.swift; path = The_Apocalypse_GameUITests.swift; sourceTree = "<group>"; };
		177943CB279B4E4E00FFF1C7 /* The_Apocalypse_GameUITestsLaunchTests.swift */ = {isa = PBXFileReference; lastKnownFileType = sourcecode.swift; path = The_Apocalypse_GameUITestsLaunchTests.swift; sourceTree = "<group>"; };
/* End PBXFileReference section */

/* Begin PBXFrameworksBuildPhase section */
		177943A8279B4E4C00FFF1C7 /* Frameworks */ = {
			isa = PBXFrameworksBuildPhase;
			buildActionMask = 2147483647;
			files = (
			);
			runOnlyForDeploymentPostprocessing = 0;
		};
		177943B8279B4E4E00FFF1C7 /* Frameworks */ = {
			isa = PBXFrameworksBuildPhase;
			buildActionMask = 2147483647;
			files = (
			);
			runOnlyForDeploymentPostprocessing = 0;
		};
		177943C2279B4E4E00FFF1C7 /* Frameworks */ = {
			isa = PBXFrameworksBuildPhase;
			buildActionMask = 2147483647;
			files = (
			);
			runOnlyForDeploymentPostprocessing = 0;
		};
/* End PBXFrameworksBuildPhase section */

/* Begin PBXGroup section */
		177943A2279B4E4C00FFF1C7 = {
			isa = PBXGroup;
			children = (
				177943AD279B4E4C00FFF1C7 /* The Apocalypse Game */,
				177943BE279B4E4E00FFF1C7 /* The Apocalypse GameTests */,
				177943C8279B4E4E00FFF1C7 /* The Apocalypse GameUITests */,
				177943AC279B4E4C00FFF1C7 /* Products */,
			);
			sourceTree = "<group>";
		};
		177943AC279B4E4C00FFF1C7 /* Products */ = {
			isa = PBXGroup;
			children = (
				177943AB279B4E4C00FFF1C7 /* The Apocalypse Game.app */,
				177943BB279B4E4E00FFF1C7 /* The Apocalypse GameTests.xctest */,
				177943C5279B4E4E00FFF1C7 /* The Apocalypse GameUITests.xctest */,
			);
			name = Products;
			sourceTree = "<group>";
		};
		177943AD279B4E4C00FFF1C7 /* The Apocalypse Game */ = {
			isa = PBXGroup;
			children = (
				177943AE279B4E4C00FFF1C7 /* The_Apocalypse_GameApp.swift */,
				177943B0279B4E4C00FFF1C7 /* ContentView.swift */,
				177943B2279B4E4E00FFF1C7 /* Assets.xcassets */,
				177943B4279B4E4E00FFF1C7 /* Preview Content */,
			);
			path = "The Apocalypse Game";
			sourceTree = "<group>";
		};
		177943B4279B4E4E00FFF1C7 /* Preview Content */ = {
			isa = PBXGroup;
			children = (
				177943B5279B4E4E00FFF1C7 /* Preview Assets.xcassets */,
			);
			path = "Preview Content";
			sourceTree = "<group>";
		};
		177943BE279B4E4E00FFF1C7 /* The Apocalypse GameTests */ = {
			isa = PBXGroup;
			children = (
				177943BF279B4E4E00FFF1C7 /* The_Apocalypse_GameTests.swift */,
			);
			path = "The Apocalypse GameTests";
			sourceTree = "<group>";
		};
		177943C8279B4E4E00FFF1C7 /* The Apocalypse GameUITests */ = {
			isa = PBXGroup;
			children = (
				177943C9279B4E4E00FFF1C7 /* The_Apocalypse_GameUITests.swift */,
				177943CB279B4E4E00FFF1C7 /* The_Apocalypse_GameUITestsLaunchTests.swift */,
			);
			path = "The Apocalypse GameUITests";
			sourceTree = "<group>";
		};
/* End PBXGroup section */

/* Begin PBXNativeTarget section */
		177943AA279B4E4C00FFF1C7 /* The Apocalypse Game */ = {
			isa = PBXNativeTarget;
			buildConfigurationList = 177943CF279B4E4E00FFF1C7 /* Build configuration list for PBXNativeTarget "The Apocalypse Game" */;
			buildPhases = (
				177943A7279B4E4C00FFF1C7 /* Sources */,
				177943A8279B4E4C00FFF1C7 /* Frameworks */,
				177943A9279B4E4C00FFF1C7 /* Resources */,
			);
			buildRules = (
			);
			dependencies = (
			);
			name = "The Apocalypse Game";
			productName = "The Apocalypse Game";
			productReference = 177943AB279B4E4C00FFF1C7 /* The Apocalypse Game.app */;
			productType = "com.apple.product-type.application";
		};
		177943BA279B4E4E00FFF1C7 /* The Apocalypse GameTests */ = {
			isa = PBXNativeTarget;
			buildConfigurationList = 177943D2279B4E4E00FFF1C7 /* Build configuration list for PBXNativeTarget "The Apocalypse GameTests" */;
			buildPhases = (
				177943B7279B4E4E00FFF1C7 /* Sources */,
				177943B8279B4E4E00FFF1C7 /* Frameworks */,
				177943B9279B4E4E00FFF1C7 /* Resources */,
			);
			buildRules = (
			);
			dependencies = (
				177943BD279B4E4E00FFF1C7 /* PBXTargetDependency */,
			);
			name = "The Apocalypse GameTests";
			productName = "The Apocalypse GameTests";
			productReference = 177943BB279B4E4E00FFF1C7 /* The Apocalypse GameTests.xctest */;
			productType = "com.apple.product-type.bundle.unit-test";
		};
		177943C4279B4E4E00FFF1C7 /* The Apocalypse GameUITests */ = {
			isa = PBXNativeTarget;
			buildConfigurationList = 177943D5279B4E4E00FFF1C7 /* Build configuration list for PBXNativeTarget "The Apocalypse GameUITests" */;
			buildPhases = (
				177943C1279B4E4E00FFF1C7 /* Sources */,
				177943C2279B4E4E00FFF1C7 /* Frameworks */,
				177943C3279B4E4E00FFF1C7 /* Resources */,
			);
			buildRules = (
			);
			dependencies = (
				177943C7279B4E4E00FFF1C7 /* PBXTargetDependency */,
			);
			name = "The Apocalypse GameUITests";
			productName = "The Apocalypse GameUITests";
			productReference = 177943C5279B4E4E00FFF1C7 /* The Apocalypse GameUITests.xctest */;
			productType = "com.apple.product-type.bundle.ui-testing";
		};
/* End PBXNativeTarget section */

/* Begin PBXProject section */
		177943A3279B4E4C00FFF1C7 /* Project object */ = {
			isa = PBXProject;
			attributes = {
				BuildIndependentTargetsInParallel = 1;
				LastSwiftUpdateCheck = 1320;
				LastUpgradeCheck = 1320;
				TargetAttributes = {
					177943AA279B4E4C00FFF1C7 = {
						CreatedOnToolsVersion = 13.2.1;
					};
					177943BA279B4E4E00FFF1C7 = {
						CreatedOnToolsVersion = 13.2.1;
						TestTargetID = 177943AA279B4E4C00FFF1C7;
					};
					177943C4279B4E4E00FFF1C7 = {
						CreatedOnToolsVersion = 13.2.1;
						TestTargetID = 177943AA279B4E4C00FFF1C7;
					};
				};
			};
			buildConfigurationList = 177943A6279B4E4C00FFF1C7 /* Build configuration list for PBXProject "The Apocalypse Game" */;
			compatibilityVersion = "Xcode 13.0";
			developmentRegion = en;
			hasScannedForEncodings = 0;
			knownRegions = (
				en,
				Base,
			);
			mainGroup = 177943A2279B4E4C00FFF1C7;
			productRefGroup = 177943AC279B4E4C00FFF1C7 /* Products */;
			projectDirPath = "";
			projectRoot = "";
			targets = (
				177943AA279B4E4C00FFF1C7 /* The Apocalypse Game */,
				177943BA279B4E4E00FFF1C7 /* The Apocalypse GameTests */,
				177943C4279B4E4E00FFF1C7 /* The Apocalypse GameUITests */,
			);
		};
/* End PBXProject section */

/* Begin PBXResourcesBuildPhase section */
		177943A9279B4E4C00FFF1C7 /* Resources */ = {
			isa = PBXResourcesBuildPhase;
			buildActionMask = 2147483647;
			files = (
				177943B6279B4E4E00FFF1C7 /* Preview Assets.xcassets in Resources */,
				177943B3279B4E4E00FFF1C7 /* Assets.xcassets in Resources */,
			);
			runOnlyForDeploymentPostprocessing = 0;
		};
		177943B9279B4E4E00FFF1C7 /* Resources */ = {
			isa = PBXResourcesBuildPhase;
			buildActionMask = 2147483647;
			files = (
			);
			runOnlyForDeploymentPostprocessing = 0;
		};
		177943C3279B4E4E00FFF1C7 /* Resources */ = {
			isa = PBXResourcesBuildPhase;
			buildActionMask = 2147483647;
			files = (
			);
			runOnlyForDeploymentPostprocessing = 0;
		};
/* End PBXResourcesBuildPhase section */

/* Begin PBXSourcesBuildPhase section */
		177943A7279B4E4C00FFF1C7 /* Sources */ = {
			isa = PBXSourcesBuildPhase;
			buildActionMask = 2147483647;
			files = (
				177943B1279B4E4C00FFF1C7 /* ContentView.swift in Sources */,
				177943AF279B4E4C00FFF1C7 /* The_Apocalypse_GameApp.swift in Sources */,
			);
			runOnlyForDeploymentPostprocessing = 0;
		};
		177943B7279B4E4E00FFF1C7 /* Sources */ = {
			isa = PBXSourcesBuildPhase;
			buildActionMask = 2147483647;
			files = (
				177943C0279B4E4E00FFF1C7 /* The_Apocalypse_GameTests.swift in Sources */,
			);
			runOnlyForDeploymentPostprocessing = 0;
		};
		177943C1279B4E4E00FFF1C7 /* Sources */ = {
			isa = PBXSourcesBuildPhase;
			buildActionMask = 2147483647;
			files = (
				177943CA279B4E4E00FFF1C7 /* The_Apocalypse_GameUITests.swift in Sources */,
				177943CC279B4E4E00FFF1C7 /* The_Apocalypse_GameUITestsLaunchTests.swift in Sources */,
			);
			runOnlyForDeploymentPostprocessing = 0;
		};
/* End PBXSourcesBuildPhase section */

/* Begin PBXTargetDependency section */
		177943BD279B4E4E00FFF1C7 /* PBXTargetDependency */ = {
			isa = PBXTargetDependency;
			target = 177943AA279B4E4C00FFF1C7 /* The Apocalypse Game */;
			targetProxy = 177943BC279B4E4E00FFF1C7 /* PBXContainerItemProxy */;
		};
		177943C7279B4E4E00FFF1C7 /* PBXTargetDependency */ = {
			isa = PBXTargetDependency;
			target = 177943AA279B4E4C00FFF1C7 /* The Apocalypse Game */;
			targetProxy = 177943C6279B4E4E00FFF1C7 /* PBXContainerItemProxy */;
		};
/* End PBXTargetDependency section */

/* Begin XCBuildConfiguration section */
		177943CD279B4E4E00FFF1C7 /* Debug */ = {
			isa = XCBuildConfiguration;
			buildSettings = {
				ALWAYS_SEARCH_USER_PATHS = NO;
				CLANG_ANALYZER_NONNULL = YES;
				CLANG_ANALYZER_NUMBER_OBJECT_CONVERSION = YES_AGGRESSIVE;
				CLANG_CXX_LANGUAGE_STANDARD = "gnu++17";
				CLANG_CXX_LIBRARY = "libc++";
				CLANG_ENABLE_MODULES = YES;
				CLANG_ENABLE_OBJC_ARC = YES;
				CLANG_ENABLE_OBJC_WEAK = YES;
				CLANG_WARN_BLOCK_CAPTURE_AUTORELEASING = YES;
				CLANG_WARN_BOOL_CONVERSION = YES;
				CLANG_WARN_COMMA = YES;
				CLANG_WARN_CONSTANT_CONVERSION = YES;
				CLANG_WARN_DEPRECATED_OBJC_IMPLEMENTATIONS = YES;
				CLANG_WARN_DIRECT_OBJC_ISA_USAGE = YES_ERROR;
				CLANG_WARN_DOCUMENTATION_COMMENTS = YES;
				CLANG_WARN_EMPTY_BODY = YES;
				CLANG_WARN_ENUM_CONVERSION = YES;
				CLANG_WARN_INFINITE_RECURSION = YES;
				CLANG_WARN_INT_CONVERSION = YES;
				CLANG_WARN_NON_LITERAL_NULL_CONVERSION = YES;
				CLANG_WARN_OBJC_IMPLICIT_RETAIN_SELF = YES;
				CLANG_WARN_OBJC_LITERAL_CONVERSION = YES;
				CLANG_WARN_OBJC_ROOT_CLASS = YES_ERROR;
				CLANG_WARN_QUOTED_INCLUDE_IN_FRAMEWORK_HEADER = YES;
				CLANG_WARN_RANGE_LOOP_ANALYSIS = YES;
				CLANG_WARN_STRICT_PROTOTYPES = YES;
				CLANG_WARN_SUSPICIOUS_MOVE = YES;
				CLANG_WARN_UNGUARDED_AVAILABILITY = YES_AGGRESSIVE;
				CLANG_WARN_UNREACHABLE_CODE = YES;
				CLANG_WARN__DUPLICATE_METHOD_MATCH = YES;
				COPY_PHASE_STRIP = NO;
				DEBUG_INFORMATION_FORMAT = dwarf;
				ENABLE_STRICT_OBJC_MSGSEND = YES;
				ENABLE_TESTABILITY = YES;
				GCC_C_LANGUAGE_STANDARD = gnu11;
				GCC_DYNAMIC_NO_PIC = NO;
				GCC_NO_COMMON_BLOCKS = YES;
				GCC_OPTIMIZATION_LEVEL = 0;
				GCC_PREPROCESSOR_DEFINITIONS = (
					"DEBUG=1",
					"$(inherited)",
				);
				GCC_WARN_64_TO_32_BIT_CONVERSION = YES;
				GCC_WARN_ABOUT_RETURN_TYPE = YES_ERROR;
				GCC_WARN_UNDECLARED_SELECTOR = YES;
				GCC_WARN_UNINITIALIZED_AUTOS = YES_AGGRESSIVE;
				GCC_WARN_UNUSED_FUNCTION = YES;
				GCC_WARN_UNUSED_VARIABLE = YES;
				IPHONEOS_DEPLOYMENT_TARGET = 15.2;
				MTL_ENABLE_DEBUG_INFO = INCLUDE_SOURCE;
				MTL_FAST_MATH = YES;
				ONLY_ACTIVE_ARCH = YES;
				SDKROOT = iphoneos;
				SWIFT_ACTIVE_COMPILATION_CONDITIONS = DEBUG;
				SWIFT_OPTIMIZATION_LEVEL = "-Onone";
			};
			name = Debug;
		};
		177943CE279B4E4E00FFF1C7 /* Release */ = {
			isa = XCBuildConfiguration;
			buildSettings = {
				ALWAYS_SEARCH_USER_PATHS = NO;
				CLANG_ANALYZER_NONNULL = YES;
				CLANG_ANALYZER_NUMBER_OBJECT_CONVERSION = YES_AGGRESSIVE;
				CLANG_CXX_LANGUAGE_STANDARD = "gnu++17";
				CLANG_CXX_LIBRARY = "libc++";
				CLANG_ENABLE_MODULES = YES;
				CLANG_ENABLE_OBJC_ARC = YES;
				CLANG_ENABLE_OBJC_WEAK = YES;
				CLANG_WARN_BLOCK_CAPTURE_AUTORELEASING = YES;
				CLANG_WARN_BOOL_CONVERSION = YES;
				CLANG_WARN_COMMA = YES;
				CLANG_WARN_CONSTANT_CONVERSION = YES;
				CLANG_WARN_DEPRECATED_OBJC_IMPLEMENTATIONS = YES;
				CLANG_WARN_DIRECT_OBJC_ISA_USAGE = YES_ERROR;
				CLANG_WARN_DOCUMENTATION_COMMENTS = YES;
				CLANG_WARN_EMPTY_BODY = YES;
				CLANG_WARN_ENUM_CONVERSION = YES;
				CLANG_WARN_INFINITE_RECURSION = YES;
				CLANG_WARN_INT_CONVERSION = YES;
				CLANG_WARN_NON_LITERAL_NULL_CONVERSION = YES;
				CLANG_WARN_OBJC_IMPLICIT_RETAIN_SELF = YES;
				CLANG_WARN_OBJC_LITERAL_CONVERSION = YES;
				CLANG_WARN_OBJC_ROOT_CLASS = YES_ERROR;
				CLANG_WARN_QUOTED_INCLUDE_IN_FRAMEWORK_HEADER = YES;
				CLANG_WARN_RANGE_LOOP_ANALYSIS = YES;
				CLANG_WARN_STRICT_PROTOTYPES = YES;
				CLANG_WARN_SUSPICIOUS_MOVE = YES;
				CLANG_WARN_UNGUARDED_AVAILABILITY = YES_AGGRESSIVE;
				CLANG_WARN_UNREACHABLE_CODE = YES;
				CLANG_WARN__DUPLICATE_METHOD_MATCH = YES;
				COPY_PHASE_STRIP = NO;
				DEBUG_INFORMATION_FORMAT = "dwarf-with-dsym";
				ENABLE_NS_ASSERTIONS = NO;
				ENABLE_STRICT_OBJC_MSGSEND = YES;
				GCC_C_LANGUAGE_STANDARD = gnu11;
				GCC_NO_COMMON_BLOCKS = YES;
				GCC_WARN_64_TO_32_BIT_CONVERSION = YES;
				GCC_WARN_ABOUT_RETURN_TYPE = YES_ERROR;
				GCC_WARN_UNDECLARED_SELECTOR = YES;
				GCC_WARN_UNINITIALIZED_AUTOS = YES_AGGRESSIVE;
				GCC_WARN_UNUSED_FUNCTION = YES;
				GCC_WARN_UNUSED_VARIABLE = YES;
				IPHONEOS_DEPLOYMENT_TARGET = 15.2;
				MTL_ENABLE_DEBUG_INFO = NO;
				MTL_FAST_MATH = YES;
				SDKROOT = iphoneos;
				SWIFT_COMPILATION_MODE = wholemodule;
				SWIFT_OPTIMIZATION_LEVEL = "-O";
				VALIDATE_PRODUCT = YES;
			};
			name = Release;
		};
		177943D0279B4E4E00FFF1C7 /* Debug */ = {
			isa = XCBuildConfiguration;
			buildSettings = {
				ASSETCATALOG_COMPILER_APPICON_NAME = AppIcon;
				ASSETCATALOG_COMPILER_GLOBAL_ACCENT_COLOR_NAME = AccentColor;
				CODE_SIGN_STYLE = Automatic;
				CURRENT_PROJECT_VERSION = 1;
				DEVELOPMENT_ASSET_PATHS = "\"The Apocalypse Game/Preview Content\"";
				ENABLE_PREVIEWS = YES;
				GENERATE_INFOPLIST_FILE = YES;
				INFOPLIST_KEY_UIApplicationSceneManifest_Generation = YES;
				INFOPLIST_KEY_UIApplicationSupportsIndirectInputEvents = YES;
				INFOPLIST_KEY_UILaunchScreen_Generation = YES;
				INFOPLIST_KEY_UISupportedInterfaceOrientations_iPad = "UIInterfaceOrientationPortrait UIInterfaceOrientationPortraitUpsideDown UIInterfaceOrientationLandscapeLeft UIInterfaceOrientationLandscapeRight";
				INFOPLIST_KEY_UISupportedInterfaceOrientations_iPhone = "UIInterfaceOrientationPortrait UIInterfaceOrientationLandscapeLeft UIInterfaceOrientationLandscapeRight";
				LD_RUNPATH_SEARCH_PATHS = (
					"$(inherited)",
					"@executable_path/Frameworks",
				);
				MARKETING_VERSION = 1.0;
				PRODUCT_BUNDLE_IDENTIFIER = "com.Test.The-Apocalypse-Game";
				PRODUCT_NAME = "$(TARGET_NAME)";
				SWIFT_EMIT_LOC_STRINGS = YES;
				SWIFT_VERSION = 5.0;
				TARGETED_DEVICE_FAMILY = "1,2";
			};
			name = Debug;
		};
		177943D1279B4E4E00FFF1C7 /* Release */ = {
			isa = XCBuildConfiguration;
			buildSettings = {
				ASSETCATALOG_COMPILER_APPICON_NAME = AppIcon;
				ASSETCATALOG_COMPILER_GLOBAL_ACCENT_COLOR_NAME = AccentColor;
				CODE_SIGN_STYLE = Automatic;
				CURRENT_PROJECT_VERSION = 1;
				DEVELOPMENT_ASSET_PATHS = "\"The Apocalypse Game/Preview Content\"";
				ENABLE_PREVIEWS = YES;
				GENERATE_INFOPLIST_FILE = YES;
				INFOPLIST_KEY_UIApplicationSceneManifest_Generation = YES;
				INFOPLIST_KEY_UIApplicationSupportsIndirectInputEvents = YES;
				INFOPLIST_KEY_UILaunchScreen_Generation = YES;
				INFOPLIST_KEY_UISupportedInterfaceOrientations_iPad = "UIInterfaceOrientationPortrait UIInterfaceOrientationPortraitUpsideDown UIInterfaceOrientationLandscapeLeft UIInterfaceOrientationLandscapeRight";
				INFOPLIST_KEY_UISupportedInterfaceOrientations_iPhone = "UIInterfaceOrientationPortrait UIInterfaceOrientationLandscapeLeft UIInterfaceOrientationLandscapeRight";
				LD_RUNPATH_SEARCH_PATHS = (
					"$(inherited)",
					"@executable_path/Frameworks",
				);
				MARKETING_VERSION = 1.0;
				PRODUCT_BUNDLE_IDENTIFIER = "com.Test.The-Apocalypse-Game";
				PRODUCT_NAME = "$(TARGET_NAME)";
				SWIFT_EMIT_LOC_STRINGS = YES;
				SWIFT_VERSION = 5.0;
				TARGETED_DEVICE_FAMILY = "1,2";
			};
			name = Release;
		};
		177943D3279B4E4E00FFF1C7 /* Debug */ = {
			isa = XCBuildConfiguration;
			buildSettings = {
				ALWAYS_EMBED_SWIFT_STANDARD_LIBRARIES = YES;
				BUNDLE_LOADER = "$(TEST_HOST)";
				CODE_SIGN_STYLE = Automatic;
				CURRENT_PROJECT_VERSION = 1;
				GENERATE_INFOPLIST_FILE = YES;
				IPHONEOS_DEPLOYMENT_TARGET = 15.2;
				MARKETING_VERSION = 1.0;
				PRODUCT_BUNDLE_IDENTIFIER = "com.Test.The-Apocalypse-GameTests";
				PRODUCT_NAME = "$(TARGET_NAME)";
				SWIFT_EMIT_LOC_STRINGS = NO;
				SWIFT_VERSION = 5.0;
				TARGETED_DEVICE_FAMILY = "1,2";
				TEST_HOST = "$(BUILT_PRODUCTS_DIR)/The Apocalypse Game.app/The Apocalypse Game";
			};
			name = Debug;
		};
		177943D4279B4E4E00FFF1C7 /* Release */ = {
			isa = XCBuildConfiguration;
			buildSettings = {
				ALWAYS_EMBED_SWIFT_STANDARD_LIBRARIES = YES;
				BUNDLE_LOADER = "$(TEST_HOST)";
				CODE_SIGN_STYLE = Automatic;
				CURRENT_PROJECT_VERSION = 1;
				GENERATE_INFOPLIST_FILE = YES;
				IPHONEOS_DEPLOYMENT_TARGET = 15.2;
				MARKETING_VERSION = 1.0;
				PRODUCT_BUNDLE_IDENTIFIER = "com.Test.The-Apocalypse-GameTests";
				PRODUCT_NAME = "$(TARGET_NAME)";
				SWIFT_EMIT_LOC_STRINGS = NO;
				SWIFT_VERSION = 5.0;
				TARGETED_DEVICE_FAMILY = "1,2";
				TEST_HOST = "$(BUILT_PRODUCTS_DIR)/The Apocalypse Game.app/The Apocalypse Game";
			};
			name = Release;
		};
		177943D6279B4E4E00FFF1C7 /* Debug */ = {
			isa = XCBuildConfiguration;
			buildSettings = {
				ALWAYS_EMBED_SWIFT_STANDARD_LIBRARIES = YES;
				CODE_SIGN_STYLE = Automatic;
				CURRENT_PROJECT_VERSION = 1;
				GENERATE_INFOPLIST_FILE = YES;
				MARKETING_VERSION = 1.0;
				PRODUCT_BUNDLE_IDENTIFIER = "com.Test.The-Apocalypse-GameUITests";
				PRODUCT_NAME = "$(TARGET_NAME)";
				SWIFT_EMIT_LOC_STRINGS = NO;
				SWIFT_VERSION = 5.0;
				TARGETED_DEVICE_FAMILY = "1,2";
				TEST_TARGET_NAME = "The Apocalypse Game";
			};
			name = Debug;
		};
		177943D7279B4E4E00FFF1C7 /* Release */ = {
			isa = XCBuildConfiguration;
			buildSettings = {
				ALWAYS_EMBED_SWIFT_STANDARD_LIBRARIES = YES;
				CODE_SIGN_STYLE = Automatic;
				CURRENT_PROJECT_VERSION = 1;
				GENERATE_INFOPLIST_FILE = YES;
				MARKETING_VERSION = 1.0;
				PRODUCT_BUNDLE_IDENTIFIER = "com.Test.The-Apocalypse-GameUITests";
				PRODUCT_NAME = "$(TARGET_NAME)";
				SWIFT_EMIT_LOC_STRINGS = NO;
				SWIFT_VERSION = 5.0;
				TARGETED_DEVICE_FAMILY = "1,2";
				TEST_TARGET_NAME = "The Apocalypse Game";
			};
			name = Release;
		};
/* End XCBuildConfiguration section */

/* Begin XCConfigurationList section */
		177943A6279B4E4C00FFF1C7 /* Build configuration list for PBXProject "The Apocalypse Game" */ = {
			isa = XCConfigurationList;
			buildConfigurations = (
				177943CD279B4E4E00FFF1C7 /* Debug */,
				177943CE279B4E4E00FFF1C7 /* Release */,
			);
			defaultConfigurationIsVisible = 0;
			defaultConfigurationName = Release;
		};
		177943CF279B4E4E00FFF1C7 /* Build configuration list for PBXNativeTarget "The Apocalypse Game" */ = {
			isa = XCConfigurationList;
			buildConfigurations = (
				177943D0279B4E4E00FFF1C7 /* Debug */,
				177943D1279B4E4E00FFF1C7 /* Release */,
			);
			defaultConfigurationIsVisible = 0;
			defaultConfigurationName = Release;
		};
		177943D2279B4E4E00FFF1C7 /* Build configuration list for PBXNativeTarget "The Apocalypse GameTests" */ = {
			isa = XCConfigurationList;
			buildConfigurations = (
				177943D3279B4E4E00FFF1C7 /* Debug */,
				177943D4279B4E4E00FFF1C7 /* Release */,
			);
			defaultConfigurationIsVisible = 0;
			defaultConfigurationName = Release;
		};
		177943D5279B4E4E00FFF1C7 /* Build configuration list for PBXNativeTarget "The Apocalypse GameUITests" */ = {
			isa = XCConfigurationList;
			buildConfigurations = (
				177943D6279B4E4E00FFF1C7 /* Debug */,
				177943D7279B4E4E00FFF1C7 /* Release */,
			);
			defaultConfigurationIsVisible = 0;
			defaultConfigurationName = Release;
		};
/* End XCConfigurationList section */
	};
	rootObject = 177943A3279B4E4C00FFF1C7 /* Project object */;
}
